
Microsoft Visual Studio Solution File, Format Version 12.00
# Visual Studio Version 17
VisualStudioVersion = 17.10.34928.147
MinimumVisualStudioVersion = 10.0.40219.1
Project("{FAE04EC0-301F-11D3-BF4B-00C04F79EFBC}") = "Contacts-Manager", "Contacts-Manager\Contacts-Manager.csproj", "{C4F1B876-6E05-467F-836C-4C0BA4D12074}"
EndProject
Project("{FAE04EC0-301F-11D3-BF4B-00C04F79EFBC}") = "ContactManagerTests", "ContactManagerTests\ContactManagerTests.csproj", "{2C356D76-1F81-4426-A8F7-B2FA9277BC6C}"
EndProject
Global
	GlobalSection(SolutionConfigurationPlatforms) = preSolution
		Debug|Any CPU = Debug|Any CPU
		Release|Any CPU = Release|Any CPU
	EndGlobalSection
	GlobalSection(ProjectConfigurationPlatforms) = postSolution
		{C4F1B876-6E05-467F-836C-4C0BA4D12074}.Debug|Any CPU.ActiveCfg = Debug|Any CPU
		{C4F1B876-6E05-467F-836C-4C0BA4D12074}.Debug|Any CPU.Build.0 = Debug|Any CPU
		{C4F1B876-6E05-467F-836C-4C0BA4D12074}.Release|Any CPU.ActiveCfg = Release|Any CPU
		{C4F1B876-6E05-467F-836C-4C0BA4D12074}.Release|Any CPU.Build.0 = Release|Any CPU
		{2C356D76-1F81-4426-A8F7-B2FA9277BC6C}.Debug|Any CPU.ActiveCfg = Debug|Any CPU
		{2C356D76-1F81-4426-A8F7-B2FA9277BC6C}.Debug|Any CPU.Build.0 = Debug|Any CPU
		{2C356D76-1F81-4426-A8F7-B2FA9277BC6C}.Release|Any CPU.ActiveCfg = Release|Any CPU
		{2C356D76-1F81-4426-A8F7-B2FA9277BC6C}.Release|Any CPU.Build.0 = Release|Any CPU
	EndGlobalSection
	GlobalSection(SolutionProperties) = preSolution
		HideSolutionNode = FALSE
	EndGlobalSection
	GlobalSection(ExtensibilityGlobals) = postSolution
		SolutionGuid = {349377F4-81C6-4FC7-9514-423D45D6DBD3}
	EndGlobalSection
EndGlobal
